
Microsoft Visual Studio Solution File, Format Version 12.00
# Visual Studio Version 17
VisualStudioVersion = 17.1.32319.34
MinimumVisualStudioVersion = 10.0.40219.1
Project("{FAE04EC0-301F-11D3-BF4B-00C04F79EFBC}") = "ProjectCelesteBarUtilitiesLibrary", "ProjectCelesteBarUtilitiesLibrary.csproj", "{20C643C8-66B7-4BD8-AAB4-EAA10D823A1A}"
EndProject
Global
	GlobalSection(SolutionConfigurationPlatforms) = preSolution
		Debug|Any CPU = Debug|Any CPU
		Release|Any CPU = Release|Any CPU
	EndGlobalSection
	GlobalSection(ProjectConfigurationPlatforms) = postSolution
		{20C643C8-66B7-4BD8-AAB4-EAA10D823A1A}.Debug|Any CPU.ActiveCfg = Debug|Any CPU
		{20C643C8-66B7-4BD8-AAB4-EAA10D823A1A}.Debug|Any CPU.Build.0 = Debug|Any CPU
		{20C643C8-66B7-4BD8-AAB4-EAA10D823A1A}.Release|Any CPU.ActiveCfg = Release|Any CPU
		{20C643C8-66B7-4BD8-AAB4-EAA10D823A1A}.Release|Any CPU.Build.0 = Release|Any CPU
	EndGlobalSection
	GlobalSection(SolutionProperties) = preSolution
		HideSolutionNode = FALSE
	EndGlobalSection
	GlobalSection(ExtensibilityGlobals) = postSolution
		SolutionGuid = {A01E8730-B489-4A9D-8972-C4981EE22D81}
	EndGlobalSection
EndGlobal
